
Microsoft Visual Studio Solution File, Format Version 12.00
# Visual Studio 2013
VisualStudioVersion = 12.0.40629.0
MinimumVisualStudioVersion = 10.0.40219.1
Project("{8BC9CEB8-8B4A-11D0-8D11-00A0C91BC942}") = "SelectionSort", "SortingAlgorithms\SortingAlgorithms.vcxproj", "{5C8FC0D6-70FC-441A-95AD-B58A0F40ABBF}"
EndProject
Project("{8BC9CEB8-8B4A-11D0-8D11-00A0C91BC942}") = "BubbleSort", "BubbleSort\BubbleSort.vcxproj", "{EAE630DE-466D-4E66-BCBF-6FEBA945B041}"
EndProject
Project("{8BC9CEB8-8B4A-11D0-8D11-00A0C91BC942}") = "SortingInserts", "SortingInserts\SortingInserts.vcxproj", "{38E5F714-198E-438E-ACE8-94696FAC59C2}"
EndProject
Project("{8BC9CEB8-8B4A-11D0-8D11-00A0C91BC942}") = "ShellSort", "ShellSort\ShellSort.vcxproj", "{33062CE7-BCAC-47F1-BFCC-EAF700EC2CDA}"
EndProject
Project("{8BC9CEB8-8B4A-11D0-8D11-00A0C91BC942}") = "QuickSort", "QuickSort\QuickSort.vcxproj", "{C6267B54-E6C8-4731-A35F-66303ADAF9E9}"
EndProject
Project("{8BC9CEB8-8B4A-11D0-8D11-00A0C91BC942}") = "GnomeSort", "GnomeSort\GnomeSort.vcxproj", "{2A142959-DC29-414B-AE65-7B1F52C4AF87}"
EndProject
Project("{8BC9CEB8-8B4A-11D0-8D11-00A0C91BC942}") = "BinarySearch", "BinarySearch\BinarySearch.vcxproj", "{EA825B7B-85B3-4E95-99FA-57EF358C5150}"
EndProject
Project("{8BC9CEB8-8B4A-11D0-8D11-00A0C91BC942}") = "InterpolationSearch", "InterpolationSearch\InterpolationSearch.vcxproj", "{E3FD1EA4-A33A-4D57-AE62-4F80D4725616}"
EndProject
Project("{2150E333-8FDC-42A3-9474-1A3956D46DE8}") = "Sortings", "Sortings", "{809506DB-37F5-448A-8338-5A93FE249A28}"
EndProject
Project("{2150E333-8FDC-42A3-9474-1A3956D46DE8}") = "Search", "Search", "{85397646-0AAB-4D46-91D9-A855D4CB8437}"
EndProject
Project("{2150E333-8FDC-42A3-9474-1A3956D46DE8}") = "NumbersTheory", "NumbersTheory", "{5AA02A10-AB19-46DD-B7F6-DDAA0DBB2B37}"
EndProject
Project("{8BC9CEB8-8B4A-11D0-8D11-00A0C91BC942}") = "EuclidsAlgorithm", "EuclidsAlgorithm\EuclidsAlgorithm.vcxproj", "{CD9745E5-8B8E-4892-BED5-9D876E600115}"
EndProject
Project("{8BC9CEB8-8B4A-11D0-8D11-00A0C91BC942}") = "SieveOfEratosthenes", "SieveOfEratosthenes\SieveOfEratosthenes.vcxproj", "{E7F6C640-4E99-409E-9650-C021766AD278}"
EndProject
Project("{8BC9CEB8-8B4A-11D0-8D11-00A0C91BC942}") = "SieveOfSundaram", "SieveOfSundaram\SieveOfSundaram.vcxproj", "{AF4711C0-C8E0-490B-9DFA-1CEECF616288}"
EndProject
Project("{2150E333-8FDC-42A3-9474-1A3956D46DE8}") = "Graph", "Graph", "{A8BEACCC-1874-4050-AEE0-A20ABC3A6534}"
EndProject
Project("{8BC9CEB8-8B4A-11D0-8D11-00A0C91BC942}") = "ListOfAdjacency", "ListOfAdjacency\ListOfAdjacency.vcxproj", "{E93658F7-FE99-4993-AEF9-D1807F3D80A4}"
EndProject
Project("{8BC9CEB8-8B4A-11D0-8D11-00A0C91BC942}") = "BFS", "BFS\BFS.vcxproj", "{ED5225CB-BA3E-484A-9349-4C1AA2DCC883}"
EndProject
Project("{8BC9CEB8-8B4A-11D0-8D11-00A0C91BC942}") = "DFS", "DFS\DFS.vcxproj", "{85181D47-4AD9-4EEA-B888-C3B0BAE33871}"
EndProject
Project("{8BC9CEB8-8B4A-11D0-8D11-00A0C91BC942}") = "Dijkstra'sAlgorithm", "Dijkstra'sAlgorithm\Dijkstra'sAlgorithm.vcxproj", "{5B8C3774-6AB0-4DC7-9CB5-55A09E80D353}"
EndProject
Project("{8BC9CEB8-8B4A-11D0-8D11-00A0C91BC942}") = "FloydWarshallAlgorithm", "FloydWarshallAlgorithm\FloydWarshallAlgorithm.vcxproj", "{EA6A0BBF-33C8-4434-80A3-79B3C7DC1B8F}"
EndProject
Project("{8BC9CEB8-8B4A-11D0-8D11-00A0C91BC942}") = "BellmanFordAlgorithm", "BellmanFordAlgorithm\BellmanFordAlgorithm.vcxproj", "{DBC55510-A4F7-4C34-B7DD-9824B83A8C64}"
EndProject
Project("{2150E333-8FDC-42A3-9474-1A3956D46DE8}") = "Hash", "Hash", "{071CA5AA-0383-4616-9C17-A9B98EBBEC32}"
EndProject
Project("{8BC9CEB8-8B4A-11D0-8D11-00A0C91BC942}") = "HashingStrings", "HashingStrings\HashingStrings.vcxproj", "{7F79B683-2A32-4FFF-B1B3-32653E7B57E9}"
EndProject
Global
	GlobalSection(SolutionConfigurationPlatforms) = preSolution
		Debug|Win32 = Debug|Win32
		Release|Win32 = Release|Win32
	EndGlobalSection
	GlobalSection(ProjectConfigurationPlatforms) = postSolution
		{5C8FC0D6-70FC-441A-95AD-B58A0F40ABBF}.Debug|Win32.ActiveCfg = Debug|Win32
		{5C8FC0D6-70FC-441A-95AD-B58A0F40ABBF}.Debug|Win32.Build.0 = Debug|Win32
		{5C8FC0D6-70FC-441A-95AD-B58A0F40ABBF}.Release|Win32.ActiveCfg = Release|Win32
		{5C8FC0D6-70FC-441A-95AD-B58A0F40ABBF}.Release|Win32.Build.0 = Release|Win32
		{EAE630DE-466D-4E66-BCBF-6FEBA945B041}.Debug|Win32.ActiveCfg = Debug|Win32
		{EAE630DE-466D-4E66-BCBF-6FEBA945B041}.Debug|Win32.Build.0 = Debug|Win32
		{EAE630DE-466D-4E66-BCBF-6FEBA945B041}.Release|Win32.ActiveCfg = Release|Win32
		{EAE630DE-466D-4E66-BCBF-6FEBA945B041}.Release|Win32.Build.0 = Release|Win32
		{38E5F714-198E-438E-ACE8-94696FAC59C2}.Debug|Win32.ActiveCfg = Debug|Win32
		{38E5F714-198E-438E-ACE8-94696FAC59C2}.Debug|Win32.Build.0 = Debug|Win32
		{38E5F714-198E-438E-ACE8-94696FAC59C2}.Release|Win32.ActiveCfg = Release|Win32
		{38E5F714-198E-438E-ACE8-94696FAC59C2}.Release|Win32.Build.0 = Release|Win32
		{33062CE7-BCAC-47F1-BFCC-EAF700EC2CDA}.Debug|Win32.ActiveCfg = Debug|Win32
		{33062CE7-BCAC-47F1-BFCC-EAF700EC2CDA}.Debug|Win32.Build.0 = Debug|Win32
		{33062CE7-BCAC-47F1-BFCC-EAF700EC2CDA}.Release|Win32.ActiveCfg = Release|Win32
		{33062CE7-BCAC-47F1-BFCC-EAF700EC2CDA}.Release|Win32.Build.0 = Release|Win32
		{C6267B54-E6C8-4731-A35F-66303ADAF9E9}.Debug|Win32.ActiveCfg = Debug|Win32
		{C6267B54-E6C8-4731-A35F-66303ADAF9E9}.Debug|Win32.Build.0 = Debug|Win32
		{C6267B54-E6C8-4731-A35F-66303ADAF9E9}.Release|Win32.ActiveCfg = Release|Win32
		{C6267B54-E6C8-4731-A35F-66303ADAF9E9}.Release|Win32.Build.0 = Release|Win32
		{2A142959-DC29-414B-AE65-7B1F52C4AF87}.Debug|Win32.ActiveCfg = Debug|Win32
		{2A142959-DC29-414B-AE65-7B1F52C4AF87}.Debug|Win32.Build.0 = Debug|Win32
		{2A142959-DC29-414B-AE65-7B1F52C4AF87}.Release|Win32.ActiveCfg = Release|Win32
		{2A142959-DC29-414B-AE65-7B1F52C4AF87}.Release|Win32.Build.0 = Release|Win32
		{EA825B7B-85B3-4E95-99FA-57EF358C5150}.Debug|Win32.ActiveCfg = Debug|Win32
		{EA825B7B-85B3-4E95-99FA-57EF358C5150}.Debug|Win32.Build.0 = Debug|Win32
		{EA825B7B-85B3-4E95-99FA-57EF358C5150}.Release|Win32.ActiveCfg = Release|Win32
		{EA825B7B-85B3-4E95-99FA-57EF358C5150}.Release|Win32.Build.0 = Release|Win32
		{E3FD1EA4-A33A-4D57-AE62-4F80D4725616}.Debug|Win32.ActiveCfg = Debug|Win32
		{E3FD1EA4-A33A-4D57-AE62-4F80D4725616}.Debug|Win32.Build.0 = Debug|Win32
		{E3FD1EA4-A33A-4D57-AE62-4F80D4725616}.Release|Win32.ActiveCfg = Release|Win32
		{E3FD1EA4-A33A-4D57-AE62-4F80D4725616}.Release|Win32.Build.0 = Release|Win32
		{CD9745E5-8B8E-4892-BED5-9D876E600115}.Debug|Win32.ActiveCfg = Debug|Win32
		{CD9745E5-8B8E-4892-BED5-9D876E600115}.Debug|Win32.Build.0 = Debug|Win32
		{CD9745E5-8B8E-4892-BED5-9D876E600115}.Release|Win32.ActiveCfg = Release|Win32
		{CD9745E5-8B8E-4892-BED5-9D876E600115}.Release|Win32.Build.0 = Release|Win32
		{E7F6C640-4E99-409E-9650-C021766AD278}.Debug|Win32.ActiveCfg = Debug|Win32
		{E7F6C640-4E99-409E-9650-C021766AD278}.Debug|Win32.Build.0 = Debug|Win32
		{E7F6C640-4E99-409E-9650-C021766AD278}.Release|Win32.ActiveCfg = Release|Win32
		{E7F6C640-4E99-409E-9650-C021766AD278}.Release|Win32.Build.0 = Release|Win32
		{AF4711C0-C8E0-490B-9DFA-1CEECF616288}.Debug|Win32.ActiveCfg = Debug|Win32
		{AF4711C0-C8E0-490B-9DFA-1CEECF616288}.Debug|Win32.Build.0 = Debug|Win32
		{AF4711C0-C8E0-490B-9DFA-1CEECF616288}.Release|Win32.ActiveCfg = Release|Win32
		{AF4711C0-C8E0-490B-9DFA-1CEECF616288}.Release|Win32.Build.0 = Release|Win32
		{E93658F7-FE99-4993-AEF9-D1807F3D80A4}.Debug|Win32.ActiveCfg = Debug|Win32
		{E93658F7-FE99-4993-AEF9-D1807F3D80A4}.Debug|Win32.Build.0 = Debug|Win32
		{E93658F7-FE99-4993-AEF9-D1807F3D80A4}.Release|Win32.ActiveCfg = Release|Win32
		{E93658F7-FE99-4993-AEF9-D1807F3D80A4}.Release|Win32.Build.0 = Release|Win32
		{ED5225CB-BA3E-484A-9349-4C1AA2DCC883}.Debug|Win32.ActiveCfg = Debug|Win32
		{ED5225CB-BA3E-484A-9349-4C1AA2DCC883}.Debug|Win32.Build.0 = Debug|Win32
		{ED5225CB-BA3E-484A-9349-4C1AA2DCC883}.Release|Win32.ActiveCfg = Release|Win32
		{ED5225CB-BA3E-484A-9349-4C1AA2DCC883}.Release|Win32.Build.0 = Release|Win32
		{85181D47-4AD9-4EEA-B888-C3B0BAE33871}.Debug|Win32.ActiveCfg = Debug|Win32
		{85181D47-4AD9-4EEA-B888-C3B0BAE33871}.Debug|Win32.Build.0 = Debug|Win32
		{85181D47-4AD9-4EEA-B888-C3B0BAE33871}.Release|Win32.ActiveCfg = Release|Win32
		{85181D47-4AD9-4EEA-B888-C3B0BAE33871}.Release|Win32.Build.0 = Release|Win32
		{5B8C3774-6AB0-4DC7-9CB5-55A09E80D353}.Debug|Win32.ActiveCfg = Debug|Win32
		{5B8C3774-6AB0-4DC7-9CB5-55A09E80D353}.Debug|Win32.Build.0 = Debug|Win32
		{5B8C3774-6AB0-4DC7-9CB5-55A09E80D353}.Release|Win32.ActiveCfg = Release|Win32
		{5B8C3774-6AB0-4DC7-9CB5-55A09E80D353}.Release|Win32.Build.0 = Release|Win32
		{EA6A0BBF-33C8-4434-80A3-79B3C7DC1B8F}.Debug|Win32.ActiveCfg = Debug|Win32
		{EA6A0BBF-33C8-4434-80A3-79B3C7DC1B8F}.Debug|Win32.Build.0 = Debug|Win32
		{EA6A0BBF-33C8-4434-80A3-79B3C7DC1B8F}.Release|Win32.ActiveCfg = Release|Win32
		{EA6A0BBF-33C8-4434-80A3-79B3C7DC1B8F}.Release|Win32.Build.0 = Release|Win32
		{DBC55510-A4F7-4C34-B7DD-9824B83A8C64}.Debug|Win32.ActiveCfg = Debug|Win32
		{DBC55510-A4F7-4C34-B7DD-9824B83A8C64}.Debug|Win32.Build.0 = Debug|Win32
		{DBC55510-A4F7-4C34-B7DD-9824B83A8C64}.Release|Win32.ActiveCfg = Release|Win32
		{DBC55510-A4F7-4C34-B7DD-9824B83A8C64}.Release|Win32.Build.0 = Release|Win32
		{7F79B683-2A32-4FFF-B1B3-32653E7B57E9}.Debug|Win32.ActiveCfg = Debug|Win32
		{7F79B683-2A32-4FFF-B1B3-32653E7B57E9}.Debug|Win32.Build.0 = Debug|Win32
		{7F79B683-2A32-4FFF-B1B3-32653E7B57E9}.Release|Win32.ActiveCfg = Release|Win32
		{7F79B683-2A32-4FFF-B1B3-32653E7B57E9}.Release|Win32.Build.0 = Release|Win32
	EndGlobalSection
	GlobalSection(SolutionProperties) = preSolution
		HideSolutionNode = FALSE
	EndGlobalSection
	GlobalSection(NestedProjects) = preSolution
		{5C8FC0D6-70FC-441A-95AD-B58A0F40ABBF} = {809506DB-37F5-448A-8338-5A93FE249A28}
		{EAE630DE-466D-4E66-BCBF-6FEBA945B041} = {809506DB-37F5-448A-8338-5A93FE249A28}
		{38E5F714-198E-438E-ACE8-94696FAC59C2} = {809506DB-37F5-448A-8338-5A93FE249A28}
		{33062CE7-BCAC-47F1-BFCC-EAF700EC2CDA} = {809506DB-37F5-448A-8338-5A93FE249A28}
		{C6267B54-E6C8-4731-A35F-66303ADAF9E9} = {809506DB-37F5-448A-8338-5A93FE249A28}
		{2A142959-DC29-414B-AE65-7B1F52C4AF87} = {809506DB-37F5-448A-8338-5A93FE249A28}
		{EA825B7B-85B3-4E95-99FA-57EF358C5150} = {85397646-0AAB-4D46-91D9-A855D4CB8437}
		{E3FD1EA4-A33A-4D57-AE62-4F80D4725616} = {85397646-0AAB-4D46-91D9-A855D4CB8437}
		{CD9745E5-8B8E-4892-BED5-9D876E600115} = {5AA02A10-AB19-46DD-B7F6-DDAA0DBB2B37}
		{E7F6C640-4E99-409E-9650-C021766AD278} = {5AA02A10-AB19-46DD-B7F6-DDAA0DBB2B37}
		{AF4711C0-C8E0-490B-9DFA-1CEECF616288} = {5AA02A10-AB19-46DD-B7F6-DDAA0DBB2B37}
		{E93658F7-FE99-4993-AEF9-D1807F3D80A4} = {A8BEACCC-1874-4050-AEE0-A20ABC3A6534}
		{ED5225CB-BA3E-484A-9349-4C1AA2DCC883} = {A8BEACCC-1874-4050-AEE0-A20ABC3A6534}
		{85181D47-4AD9-4EEA-B888-C3B0BAE33871} = {A8BEACCC-1874-4050-AEE0-A20ABC3A6534}
		{5B8C3774-6AB0-4DC7-9CB5-55A09E80D353} = {A8BEACCC-1874-4050-AEE0-A20ABC3A6534}
		{EA6A0BBF-33C8-4434-80A3-79B3C7DC1B8F} = {A8BEACCC-1874-4050-AEE0-A20ABC3A6534}
		{DBC55510-A4F7-4C34-B7DD-9824B83A8C64} = {A8BEACCC-1874-4050-AEE0-A20ABC3A6534}
		{7F79B683-2A32-4FFF-B1B3-32653E7B57E9} = {071CA5AA-0383-4616-9C17-A9B98EBBEC32}
	EndGlobalSection
EndGlobal
